
Microsoft Visual Studio Solution File, Format Version 12.00
# Visual Studio 15
VisualStudioVersion = 15.0.28010.2046
MinimumVisualStudioVersion = 10.0.40219.1
Project("{FAE04EC0-301F-11D3-BF4B-00C04F79EFBC}") = "VivaBillingNewWeb", "VivaBillingNewWeb\VivaBillingNewWeb.csproj", "{311DC591-4B13-4A9F-ABEF-E453D0269D2A}"
EndProject
Global
	GlobalSection(SolutionConfigurationPlatforms) = preSolution
		Debug|Any CPU = Debug|Any CPU
		Release|Any CPU = Release|Any CPU
	EndGlobalSection
	GlobalSection(ProjectConfigurationPlatforms) = postSolution
		{311DC591-4B13-4A9F-ABEF-E453D0269D2A}.Debug|Any CPU.ActiveCfg = Debug|Any CPU
		{311DC591-4B13-4A9F-ABEF-E453D0269D2A}.Debug|Any CPU.Build.0 = Debug|Any CPU
		{311DC591-4B13-4A9F-ABEF-E453D0269D2A}.Release|Any CPU.ActiveCfg = Release|Any CPU
		{311DC591-4B13-4A9F-ABEF-E453D0269D2A}.Release|Any CPU.Build.0 = Release|Any CPU
	EndGlobalSection
	GlobalSection(SolutionProperties) = preSolution
		HideSolutionNode = FALSE
	EndGlobalSection
	GlobalSection(ExtensibilityGlobals) = postSolution
		SolutionGuid = {E7002213-BD40-4E76-A599-7ABDD0ACFF88}
	EndGlobalSection
EndGlobal
